
Microsoft Visual Studio Solution File, Format Version 12.00
# Visual Studio Version 16
VisualStudioVersion = 16.0.31112.23
MinimumVisualStudioVersion = 10.0.40219.1
Project("{FAE04EC0-301F-11D3-BF4B-00C04F79EFBC}") = "MatchGame", "MatchGame\MatchGame.csproj", "{58EA56D3-DFFB-4587-8776-579166325A70}"
EndProject
Global
	GlobalSection(SolutionConfigurationPlatforms) = preSolution
		Debug|Any CPU = Debug|Any CPU
		Release|Any CPU = Release|Any CPU
	EndGlobalSection
	GlobalSection(ProjectConfigurationPlatforms) = postSolution
		{58EA56D3-DFFB-4587-8776-579166325A70}.Debug|Any CPU.ActiveCfg = Debug|Any CPU
		{58EA56D3-DFFB-4587-8776-579166325A70}.Debug|Any CPU.Build.0 = Debug|Any CPU
		{58EA56D3-DFFB-4587-8776-579166325A70}.Release|Any CPU.ActiveCfg = Release|Any CPU
		{58EA56D3-DFFB-4587-8776-579166325A70}.Release|Any CPU.Build.0 = Release|Any CPU
	EndGlobalSection
	GlobalSection(SolutionProperties) = preSolution
		HideSolutionNode = FALSE
	EndGlobalSection
	GlobalSection(ExtensibilityGlobals) = postSolution
		SolutionGuid = {BA5F2040-0CEC-4B31-AB23-31680B4F8065}
	EndGlobalSection
EndGlobal
